// !$*UTF8*$!
{
	archiveVersion = 1;
	classes = {
	};
	objectVersion = 46;
	objects = {

/* Begin PBXBuildFile section */
		75B28754166CCED100E2C3F1 /* UIKit.framework in Frameworks */ = {isa = PBXBuildFile; fileRef = 75B28753166CCED100E2C3F1 /* UIKit.framework */; };
		75B28756166CCED100E2C3F1 /* Foundation.framework in Frameworks */ = {isa = PBXBuildFile; fileRef = 75B28755166CCED100E2C3F1 /* Foundation.framework */; };
		75B28758166CCED100E2C3F1 /* CoreGraphics.framework in Frameworks */ = {isa = PBXBuildFile; fileRef = 75B28757166CCED100E2C3F1 /* CoreGraphics.framework */; };
		75B2879F166CD4E400E2C3F1 /* Social.framework in Frameworks */ = {isa = PBXBuildFile; fileRef = 75B2879E166CD4E400E2C3F1 /* Social.framework */; settings = {ATTRIBUTES = (Weak, ); }; };
		75B287A1166CD50500E2C3F1 /* Twitter.framework in Frameworks */ = {isa = PBXBuildFile; fileRef = 75B287A0166CD50500E2C3F1 /* Twitter.framework */; };
		75B287A3166CD50A00E2C3F1 /* Accounts.framework in Frameworks */ = {isa = PBXBuildFile; fileRef = 75B287A2166CD50900E2C3F1 /* Accounts.framework */; settings = {ATTRIBUTES = (Weak, ); }; };
		75B287A9166CD55200E2C3F1 /* AdSupport.framework in Frameworks */ = {isa = PBXBuildFile; fileRef = 75B287A8166CD55200E2C3F1 /* AdSupport.framework */; settings = {ATTRIBUTES = (Weak, ); }; };
		ECD5DCF31674CA4000E30206 /* HPAppDelegate.m in Sources */ = {isa = PBXBuildFile; fileRef = ECD5DCD01674CA4000E30206 /* HPAppDelegate.m */; };
		ECD5DCF41674CA4000E30206 /* HPViewController.m in Sources */ = {isa = PBXBuildFile; fileRef = ECD5DCD21674CA4000E30206 /* HPViewController.m */; };
		ECD5DCF51674CA4000E30206 /* FacebookSDK.framework in Frameworks */ = {isa = PBXBuildFile; fileRef = ECD5DCD41674CA4000E30206 /* FacebookSDK.framework */; };
		ECD5DCF61674CA4100E30206 /* HPAccount.m in Sources */ = {isa = PBXBuildFile; fileRef = ECD5DCD71674CA4000E30206 /* HPAccount.m */; };
		ECD5DCF71674CA4100E30206 /* HPAccountManager.m in Sources */ = {isa = PBXBuildFile; fileRef = ECD5DCD91674CA4000E30206 /* HPAccountManager.m */; };
		ECD5DCFB1674CA4100E30206 /* TWAPIManager.m in Sources */ = {isa = PBXBuildFile; fileRef = ECD5DCE31674CA4000E30206 /* TWAPIManager.m */; settings = {COMPILER_FLAGS = "-fobjc-arc"; }; };
		ECD5DCFC1674CA4100E30206 /* TWSignedRequest.m in Sources */ = {isa = PBXBuildFile; fileRef = ECD5DCE51674CA4000E30206 /* TWSignedRequest.m */; settings = {COMPILER_FLAGS = "-fobjc-arc"; }; };
		ECD5DCFE1674CA4100E30206 /* Default-568h@2x.png in Resources */ = {isa = PBXBuildFile; fileRef = ECD5DCE81674CA4000E30206 /* Default-568h@2x.png */; };
		ECD5DCFF1674CA4100E30206 /* Default.png in Resources */ = {isa = PBXBuildFile; fileRef = ECD5DCE91674CA4000E30206 /* Default.png */; };
		ECD5DD001674CA4100E30206 /* Default@2x.png in Resources */ = {isa = PBXBuildFile; fileRef = ECD5DCEA1674CA4000E30206 /* Default@2x.png */; };
		ECD5DD011674CA4100E30206 /* HPViewController.xib in Resources */ = {isa = PBXBuildFile; fileRef = ECD5DCEB1674CA4000E30206 /* HPViewController.xib */; };
		ECD5DD021674CA4100E30206 /* InfoPlist.strings in Resources */ = {isa = PBXBuildFile; fileRef = ECD5DCED1674CA4000E30206 /* InfoPlist.strings */; };
		ECD5DD041674CA4100E30206 /* main.m in Sources */ = {isa = PBXBuildFile; fileRef = ECD5DCF21674CA4000E30206 /* main.m */; };
		ECD5DD0F1674DC6300E30206 /* libsqlite3.dylib in Frameworks */ = {isa = PBXBuildFile; fileRef = ECD5DD0E1674DC6200E30206 /* libsqlite3.dylib */; };
		ECD5DD171674DE7C00E30206 /* NSData+Base64.m in Sources */ = {isa = PBXBuildFile; fileRef = ECD5DD121674DE7C00E30206 /* NSData+Base64.m */; };
		ECD5DD181674DE7C00E30206 /* OAuth+Additions.m in Sources */ = {isa = PBXBuildFile; fileRef = ECD5DD141674DE7C00E30206 /* OAuth+Additions.m */; };
		ECD5DD191674DE7C00E30206 /* OAuthCore.m in Sources */ = {isa = PBXBuildFile; fileRef = ECD5DD161674DE7C00E30206 /* OAuthCore.m */; };
/* End PBXBuildFile section */

/* Begin PBXFileReference section */
		75B2874F166CCED100E2C3F1 /* HPSocialNetworkManager.app */ = {isa = PBXFileReference; explicitFileType = wrapper.application; includeInIndex = 0; path = HPSocialNetworkManager.app; sourceTree = BUILT_PRODUCTS_DIR; };
		75B28753166CCED100E2C3F1 /* UIKit.framework */ = {isa = PBXFileReference; lastKnownFileType = wrapper.framework; name = UIKit.framework; path = System/Library/Frameworks/UIKit.framework; sourceTree = SDKROOT; };
		75B28755166CCED100E2C3F1 /* Foundation.framework */ = {isa = PBXFileReference; lastKnownFileType = wrapper.framework; name = Foundation.framework; path = System/Library/Frameworks/Foundation.framework; sourceTree = SDKROOT; };
		75B28757166CCED100E2C3F1 /* CoreGraphics.framework */ = {isa = PBXFileReference; lastKnownFileType = wrapper.framework; name = CoreGraphics.framework; path = System/Library/Frameworks/CoreGraphics.framework; sourceTree = SDKROOT; };
		75B2879E166CD4E400E2C3F1 /* Social.framework */ = {isa = PBXFileReference; lastKnownFileType = wrapper.framework; name = Social.framework; path = System/Library/Frameworks/Social.framework; sourceTree = SDKROOT; };
		75B287A0166CD50500E2C3F1 /* Twitter.framework */ = {isa = PBXFileReference; lastKnownFileType = wrapper.framework; name = Twitter.framework; path = System/Library/Frameworks/Twitter.framework; sourceTree = SDKROOT; };
		75B287A2166CD50900E2C3F1 /* Accounts.framework */ = {isa = PBXFileReference; lastKnownFileType = wrapper.framework; name = Accounts.framework; path = System/Library/Frameworks/Accounts.framework; sourceTree = SDKROOT; };
		75B287A8166CD55200E2C3F1 /* AdSupport.framework */ = {isa = PBXFileReference; lastKnownFileType = wrapper.framework; name = AdSupport.framework; path = System/Library/Frameworks/AdSupport.framework; sourceTree = SDKROOT; };
		ECD5DCCF1674CA4000E30206 /* HPAppDelegate.h */ = {isa = PBXFileReference; fileEncoding = 4; lastKnownFileType = sourcecode.c.h; path = HPAppDelegate.h; sourceTree = "<group>"; };
		ECD5DCD01674CA4000E30206 /* HPAppDelegate.m */ = {isa = PBXFileReference; fileEncoding = 4; lastKnownFileType = sourcecode.c.objc; path = HPAppDelegate.m; sourceTree = "<group>"; };
		ECD5DCD11674CA4000E30206 /* HPViewController.h */ = {isa = PBXFileReference; fileEncoding = 4; lastKnownFileType = sourcecode.c.h; path = HPViewController.h; sourceTree = "<group>"; };
		ECD5DCD21674CA4000E30206 /* HPViewController.m */ = {isa = PBXFileReference; fileEncoding = 4; lastKnownFileType = sourcecode.c.objc; path = HPViewController.m; sourceTree = "<group>"; };
		ECD5DCD41674CA4000E30206 /* FacebookSDK.framework */ = {isa = PBXFileReference; lastKnownFileType = wrapper.framework; path = FacebookSDK.framework; sourceTree = "<group>"; };
		ECD5DCD61674CA4000E30206 /* HPAccount.h */ = {isa = PBXFileReference; fileEncoding = 4; lastKnownFileType = sourcecode.c.h; path = HPAccount.h; sourceTree = "<group>"; };
		ECD5DCD71674CA4000E30206 /* HPAccount.m */ = {isa = PBXFileReference; fileEncoding = 4; lastKnownFileType = sourcecode.c.objc; path = HPAccount.m; sourceTree = "<group>"; };
		ECD5DCD81674CA4000E30206 /* HPAccountManager.h */ = {isa = PBXFileReference; fileEncoding = 4; lastKnownFileType = sourcecode.c.h; path = HPAccountManager.h; sourceTree = "<group>"; };
		ECD5DCD91674CA4000E30206 /* HPAccountManager.m */ = {isa = PBXFileReference; fileEncoding = 4; lastKnownFileType = sourcecode.c.objc; path = HPAccountManager.m; sourceTree = "<group>"; };
		ECD5DCE21674CA4000E30206 /* TWAPIManager.h */ = {isa = PBXFileReference; fileEncoding = 4; lastKnownFileType = sourcecode.c.h; path = TWAPIManager.h; sourceTree = "<group>"; };
		ECD5DCE31674CA4000E30206 /* TWAPIManager.m */ = {isa = PBXFileReference; fileEncoding = 4; lastKnownFileType = sourcecode.c.objc; path = TWAPIManager.m; sourceTree = "<group>"; };
		ECD5DCE41674CA4000E30206 /* TWSignedRequest.h */ = {isa = PBXFileReference; fileEncoding = 4; lastKnownFileType = sourcecode.c.h; path = TWSignedRequest.h; sourceTree = "<group>"; };
		ECD5DCE51674CA4000E30206 /* TWSignedRequest.m */ = {isa = PBXFileReference; fileEncoding = 4; lastKnownFileType = sourcecode.c.objc; path = TWSignedRequest.m; sourceTree = "<group>"; };
		ECD5DCE81674CA4000E30206 /* Default-568h@2x.png */ = {isa = PBXFileReference; lastKnownFileType = image.png; path = "Default-568h@2x.png"; sourceTree = "<group>"; };
		ECD5DCE91674CA4000E30206 /* Default.png */ = {isa = PBXFileReference; lastKnownFileType = image.png; path = Default.png; sourceTree = "<group>"; };
		ECD5DCEA1674CA4000E30206 /* Default@2x.png */ = {isa = PBXFileReference; lastKnownFileType = image.png; path = "Default@2x.png"; sourceTree = "<group>"; };
		ECD5DCEC1674CA4000E30206 /* en */ = {isa = PBXFileReference; lastKnownFileType = file.xib; name = en; path = en.lproj/HPViewController.xib; sourceTree = "<group>"; };
		ECD5DCEE1674CA4000E30206 /* en */ = {isa = PBXFileReference; lastKnownFileType = text.plist.strings; name = en; path = en.lproj/InfoPlist.strings; sourceTree = "<group>"; };
		ECD5DCF01674CA4000E30206 /* HPSocialNetworkManager-Info.plist */ = {isa = PBXFileReference; fileEncoding = 4; lastKnownFileType = text.plist.xml; path = "HPSocialNetworkManager-Info.plist"; sourceTree = "<group>"; };
		ECD5DCF11674CA4000E30206 /* HPSocialNetworkManager-Prefix.pch */ = {isa = PBXFileReference; fileEncoding = 4; lastKnownFileType = sourcecode.c.h; path = "HPSocialNetworkManager-Prefix.pch"; sourceTree = "<group>"; };
		ECD5DCF21674CA4000E30206 /* main.m */ = {isa = PBXFileReference; fileEncoding = 4; lastKnownFileType = sourcecode.c.objc; path = main.m; sourceTree = "<group>"; };
		ECD5DD0E1674DC6200E30206 /* libsqlite3.dylib */ = {isa = PBXFileReference; lastKnownFileType = "compiled.mach-o.dylib"; name = libsqlite3.dylib; path = usr/lib/libsqlite3.dylib; sourceTree = SDKROOT; };
		ECD5DD111674DE7C00E30206 /* NSData+Base64.h */ = {isa = PBXFileReference; fileEncoding = 4; lastKnownFileType = sourcecode.c.h; path = "NSData+Base64.h"; sourceTree = "<group>"; };
		ECD5DD121674DE7C00E30206 /* NSData+Base64.m */ = {isa = PBXFileReference; fileEncoding = 4; lastKnownFileType = sourcecode.c.objc; path = "NSData+Base64.m"; sourceTree = "<group>"; };
		ECD5DD131674DE7C00E30206 /* OAuth+Additions.h */ = {isa = PBXFileReference; fileEncoding = 4; lastKnownFileType = sourcecode.c.h; path = "OAuth+Additions.h"; sourceTree = "<group>"; };
		ECD5DD141674DE7C00E30206 /* OAuth+Additions.m */ = {isa = PBXFileReference; fileEncoding = 4; lastKnownFileType = sourcecode.c.objc; path = "OAuth+Additions.m"; sourceTree = "<group>"; };
		ECD5DD151674DE7C00E30206 /* OAuthCore.h */ = {isa = PBXFileReference; fileEncoding = 4; lastKnownFileType = sourcecode.c.h; path = OAuthCore.h; sourceTree = "<group>"; };
		ECD5DD161674DE7C00E30206 /* OAuthCore.m */ = {isa = PBXFileReference; fileEncoding = 4; lastKnownFileType = sourcecode.c.objc; path = OAuthCore.m; sourceTree = "<group>"; };
/* End PBXFileReference section */

/* Begin PBXFrameworksBuildPhase section */
		75B2874C166CCED100E2C3F1 /* Frameworks */ = {
			isa = PBXFrameworksBuildPhase;
			buildActionMask = 2147483647;
			files = (
				ECD5DD0F1674DC6300E30206 /* libsqlite3.dylib in Frameworks */,
				75B287A9166CD55200E2C3F1 /* AdSupport.framework in Frameworks */,
				75B287A3166CD50A00E2C3F1 /* Accounts.framework in Frameworks */,
				75B287A1166CD50500E2C3F1 /* Twitter.framework in Frameworks */,
				75B2879F166CD4E400E2C3F1 /* Social.framework in Frameworks */,
				75B28754166CCED100E2C3F1 /* UIKit.framework in Frameworks */,
				75B28756166CCED100E2C3F1 /* Foundation.framework in Frameworks */,
				75B28758166CCED100E2C3F1 /* CoreGraphics.framework in Frameworks */,
				ECD5DCF51674CA4000E30206 /* FacebookSDK.framework in Frameworks */,
			);
			runOnlyForDeploymentPostprocessing = 0;
		};
/* End PBXFrameworksBuildPhase section */

/* Begin PBXGroup section */
		75B28744166CCED100E2C3F1 = {
			isa = PBXGroup;
			children = (
				ECD5DCCE1674CA4000E30206 /* Classes */,
				ECD5DCD31674CA4000E30206 /* Dependencies */,
				ECD5DCE71674CA4000E30206 /* Resources */,
				ECD5DCEF1674CA4000E30206 /* Support */,
				75B28752166CCED100E2C3F1 /* Frameworks */,
				75B28750166CCED100E2C3F1 /* Products */,
			);
			sourceTree = "<group>";
		};
		75B28750166CCED100E2C3F1 /* Products */ = {
			isa = PBXGroup;
			children = (
				75B2874F166CCED100E2C3F1 /* HPSocialNetworkManager.app */,
			);
			name = Products;
			sourceTree = "<group>";
		};
		75B28752166CCED100E2C3F1 /* Frameworks */ = {
			isa = PBXGroup;
			children = (
				ECD5DD0E1674DC6200E30206 /* libsqlite3.dylib */,
				75B287A8166CD55200E2C3F1 /* AdSupport.framework */,
				75B287A2166CD50900E2C3F1 /* Accounts.framework */,
				75B287A0166CD50500E2C3F1 /* Twitter.framework */,
				75B2879E166CD4E400E2C3F1 /* Social.framework */,
				75B28753166CCED100E2C3F1 /* UIKit.framework */,
				75B28755166CCED100E2C3F1 /* Foundation.framework */,
				75B28757166CCED100E2C3F1 /* CoreGraphics.framework */,
			);
			name = Frameworks;
			sourceTree = "<group>";
		};
		ECD5DCCE1674CA4000E30206 /* Classes */ = {
			isa = PBXGroup;
			children = (
				ECD5DCCF1674CA4000E30206 /* HPAppDelegate.h */,
				ECD5DCD01674CA4000E30206 /* HPAppDelegate.m */,
				ECD5DCD11674CA4000E30206 /* HPViewController.h */,
				ECD5DCD21674CA4000E30206 /* HPViewController.m */,
			);
			path = Classes;
			sourceTree = "<group>";
		};
		ECD5DCD31674CA4000E30206 /* Dependencies */ = {
			isa = PBXGroup;
			children = (
				ECD5DD101674DE7C00E30206 /* ABOAuthCore */,
				ECD5DCD41674CA4000E30206 /* FacebookSDK.framework */,
				ECD5DCD51674CA4000E30206 /* HPAccountManager */,
				ECD5DCE11674CA4000E30206 /* TWAPIManager */,
			);
			path = Dependencies;
			sourceTree = "<group>";
		};
		ECD5DCD51674CA4000E30206 /* HPAccountManager */ = {
			isa = PBXGroup;
			children = (
				ECD5DCD61674CA4000E30206 /* HPAccount.h */,
				ECD5DCD71674CA4000E30206 /* HPAccount.m */,
				ECD5DCD81674CA4000E30206 /* HPAccountManager.h */,
				ECD5DCD91674CA4000E30206 /* HPAccountManager.m */,
			);
			path = HPAccountManager;
			sourceTree = "<group>";
		};
		ECD5DCE11674CA4000E30206 /* TWAPIManager */ = {
			isa = PBXGroup;
			children = (
				ECD5DCE21674CA4000E30206 /* TWAPIManager.h */,
				ECD5DCE31674CA4000E30206 /* TWAPIManager.m */,
				ECD5DCE41674CA4000E30206 /* TWSignedRequest.h */,
				ECD5DCE51674CA4000E30206 /* TWSignedRequest.m */,
			);
			path = TWAPIManager;
			sourceTree = "<group>";
		};
		ECD5DCE71674CA4000E30206 /* Resources */ = {
			isa = PBXGroup;
			children = (
				ECD5DCE81674CA4000E30206 /* Default-568h@2x.png */,
				ECD5DCE91674CA4000E30206 /* Default.png */,
				ECD5DCEA1674CA4000E30206 /* Default@2x.png */,
				ECD5DCEB1674CA4000E30206 /* HPViewController.xib */,
				ECD5DCED1674CA4000E30206 /* InfoPlist.strings */,
			);
			path = Resources;
			sourceTree = "<group>";
		};
		ECD5DCEF1674CA4000E30206 /* Support */ = {
			isa = PBXGroup;
			children = (
				ECD5DCF01674CA4000E30206 /* HPSocialNetworkManager-Info.plist */,
				ECD5DCF11674CA4000E30206 /* HPSocialNetworkManager-Prefix.pch */,
				ECD5DCF21674CA4000E30206 /* main.m */,
			);
			path = Support;
			sourceTree = "<group>";
		};
		ECD5DD101674DE7C00E30206 /* ABOAuthCore */ = {
			isa = PBXGroup;
			children = (
				ECD5DD111674DE7C00E30206 /* NSData+Base64.h */,
				ECD5DD121674DE7C00E30206 /* NSData+Base64.m */,
				ECD5DD131674DE7C00E30206 /* OAuth+Additions.h */,
				ECD5DD141674DE7C00E30206 /* OAuth+Additions.m */,
				ECD5DD151674DE7C00E30206 /* OAuthCore.h */,
				ECD5DD161674DE7C00E30206 /* OAuthCore.m */,
			);
			path = ABOAuthCore;
			sourceTree = "<group>";
		};
/* End PBXGroup section */

/* Begin PBXNativeTarget section */
		75B2874E166CCED100E2C3F1 /* HPSocialNetworkManager */ = {
			isa = PBXNativeTarget;
			buildConfigurationList = 75B28773166CCED100E2C3F1 /* Build configuration list for PBXNativeTarget "HPSocialNetworkManager" */;
			buildPhases = (
				75B2874B166CCED100E2C3F1 /* Sources */,
				75B2874C166CCED100E2C3F1 /* Frameworks */,
				75B2874D166CCED100E2C3F1 /* Resources */,
			);
			buildRules = (
			);
			dependencies = (
			);
			name = HPSocialNetworkManager;
			productName = HPSocialNetworkManager;
			productReference = 75B2874F166CCED100E2C3F1 /* HPSocialNetworkManager.app */;
			productType = "com.apple.product-type.application";
		};
/* End PBXNativeTarget section */

/* Begin PBXProject section */
		75B28746166CCED100E2C3F1 /* Project object */ = {
			isa = PBXProject;
			attributes = {
				CLASSPREFIX = HP;
				LastUpgradeCheck = 0450;
				ORGANIZATIONNAME = Hipo;
			};
			buildConfigurationList = 75B28749166CCED100E2C3F1 /* Build configuration list for PBXProject "HPSocialNetworkManager" */;
			compatibilityVersion = "Xcode 3.2";
			developmentRegion = English;
			hasScannedForEncodings = 0;
			knownRegions = (
				en,
			);
			mainGroup = 75B28744166CCED100E2C3F1;
			productRefGroup = 75B28750166CCED100E2C3F1 /* Products */;
			projectDirPath = "";
			projectRoot = "";
			targets = (
				75B2874E166CCED100E2C3F1 /* HPSocialNetworkManager */,
			);
		};
/* End PBXProject section */

/* Begin PBXResourcesBuildPhase section */
		75B2874D166CCED100E2C3F1 /* Resources */ = {
			isa = PBXResourcesBuildPhase;
			buildActionMask = 2147483647;
			files = (
				ECD5DCFE1674CA4100E30206 /* Default-568h@2x.png in Resources */,
				ECD5DCFF1674CA4100E30206 /* Default.png in Resources */,
				ECD5DD001674CA4100E30206 /* Default@2x.png in Resources */,
				ECD5DD011674CA4100E30206 /* HPViewController.xib in Resources */,
				ECD5DD021674CA4100E30206 /* InfoPlist.strings in Resources */,
			);
			runOnlyForDeploymentPostprocessing = 0;
		};
/* End PBXResourcesBuildPhase section */

/* Begin PBXSourcesBuildPhase section */
		75B2874B166CCED100E2C3F1 /* Sources */ = {
			isa = PBXSourcesBuildPhase;
			buildActionMask = 2147483647;
			files = (
				ECD5DCF31674CA4000E30206 /* HPAppDelegate.m in Sources */,
				ECD5DCF41674CA4000E30206 /* HPViewController.m in Sources */,
				ECD5DCF61674CA4100E30206 /* HPAccount.m in Sources */,
				ECD5DCF71674CA4100E30206 /* HPAccountManager.m in Sources */,
				ECD5DCFB1674CA4100E30206 /* TWAPIManager.m in Sources */,
				ECD5DCFC1674CA4100E30206 /* TWSignedRequest.m in Sources */,
				ECD5DD041674CA4100E30206 /* main.m in Sources */,
				ECD5DD171674DE7C00E30206 /* NSData+Base64.m in Sources */,
				ECD5DD181674DE7C00E30206 /* OAuth+Additions.m in Sources */,
				ECD5DD191674DE7C00E30206 /* OAuthCore.m in Sources */,
			);
			runOnlyForDeploymentPostprocessing = 0;
		};
/* End PBXSourcesBuildPhase section */

/* Begin PBXVariantGroup section */
		ECD5DCEB1674CA4000E30206 /* HPViewController.xib */ = {
			isa = PBXVariantGroup;
			children = (
				ECD5DCEC1674CA4000E30206 /* en */,
			);
			name = HPViewController.xib;
			sourceTree = "<group>";
		};
		ECD5DCED1674CA4000E30206 /* InfoPlist.strings */ = {
			isa = PBXVariantGroup;
			children = (
				ECD5DCEE1674CA4000E30206 /* en */,
			);
			name = InfoPlist.strings;
			sourceTree = "<group>";
		};
/* End PBXVariantGroup section */

/* Begin XCBuildConfiguration section */
		75B28771166CCED100E2C3F1 /* Debug */ = {
			isa = XCBuildConfiguration;
			buildSettings = {
				ALWAYS_SEARCH_USER_PATHS = NO;
				CLANG_CXX_LANGUAGE_STANDARD = "gnu++0x";
				CLANG_CXX_LIBRARY = "libc++";
				CLANG_WARN_EMPTY_BODY = YES;
				CLANG_WARN__DUPLICATE_METHOD_MATCH = YES;
				"CODE_SIGN_IDENTITY[sdk=iphoneos*]" = "iPhone Developer";
				COPY_PHASE_STRIP = NO;
				GCC_C_LANGUAGE_STANDARD = gnu99;
				GCC_DYNAMIC_NO_PIC = NO;
				GCC_OPTIMIZATION_LEVEL = 0;
				GCC_PREPROCESSOR_DEFINITIONS = (
					"DEBUG=1",
					"$(inherited)",
				);
				GCC_SYMBOLS_PRIVATE_EXTERN = NO;
				GCC_WARN_ABOUT_RETURN_TYPE = YES;
				GCC_WARN_UNINITIALIZED_AUTOS = YES;
				GCC_WARN_UNUSED_VARIABLE = YES;
				IPHONEOS_DEPLOYMENT_TARGET = 5.0;
				ONLY_ACTIVE_ARCH = YES;
				OTHER_LDFLAGS = (
					"-all_load",
					"-ObjC",
				);
				SDKROOT = iphoneos;
			};
			name = Debug;
		};
		75B28772166CCED100E2C3F1 /* Release */ = {
			isa = XCBuildConfiguration;
			buildSettings = {
				ALWAYS_SEARCH_USER_PATHS = NO;
				CLANG_CXX_LANGUAGE_STANDARD = "gnu++0x";
				CLANG_CXX_LIBRARY = "libc++";
				CLANG_WARN_EMPTY_BODY = YES;
				CLANG_WARN__DUPLICATE_METHOD_MATCH = YES;
				"CODE_SIGN_IDENTITY[sdk=iphoneos*]" = "iPhone Developer";
				COPY_PHASE_STRIP = YES;
				GCC_C_LANGUAGE_STANDARD = gnu99;
				GCC_WARN_ABOUT_RETURN_TYPE = YES;
				GCC_WARN_UNINITIALIZED_AUTOS = YES;
				GCC_WARN_UNUSED_VARIABLE = YES;
				IPHONEOS_DEPLOYMENT_TARGET = 5.0;
				OTHER_CFLAGS = "-DNS_BLOCK_ASSERTIONS=1";
				OTHER_LDFLAGS = (
					"-all_load",
					"-ObjC",
				);
				SDKROOT = iphoneos;
				VALIDATE_PRODUCT = YES;
			};
			name = Release;
		};
		75B28774166CCED100E2C3F1 /* Debug */ = {
			isa = XCBuildConfiguration;
			buildSettings = {
				FRAMEWORK_SEARCH_PATHS = (
					"$(inherited)",
					"\"$(SRCROOT)/Dependencies\"",
				);
				GCC_PRECOMPILE_PREFIX_HEADER = YES;
				GCC_PREFIX_HEADER = "Support/HPSocialNetworkManager-Prefix.pch";
				INFOPLIST_FILE = "Support/HPSocialNetworkManager-Info.plist";
				PRODUCT_NAME = "$(TARGET_NAME)";
				WRAPPER_EXTENSION = app;
			};
			name = Debug;
		};
		75B28775166CCED100E2C3F1 /* Release */ = {
			isa = XCBuildConfiguration;
			buildSettings = {
				FRAMEWORK_SEARCH_PATHS = (
					"$(inherited)",
					"\"$(SRCROOT)/Dependencies\"",
				);
				GCC_PRECOMPILE_PREFIX_HEADER = YES;
				GCC_PREFIX_HEADER = "Support/HPSocialNetworkManager-Prefix.pch";
				INFOPLIST_FILE = "Support/HPSocialNetworkManager-Info.plist";
				PRODUCT_NAME = "$(TARGET_NAME)";
				WRAPPER_EXTENSION = app;
			};
			name = Release;
		};
/* End XCBuildConfiguration section */

/* Begin XCConfigurationList section */
		75B28749166CCED100E2C3F1 /* Build configuration list for PBXProject "HPSocialNetworkManager" */ = {
			isa = XCConfigurationList;
			buildConfigurations = (
				75B28771166CCED100E2C3F1 /* Debug */,
				75B28772166CCED100E2C3F1 /* Release */,
			);
			defaultConfigurationIsVisible = 0;
			defaultConfigurationName = Release;
		};
		75B28773166CCED100E2C3F1 /* Build configuration list for PBXNativeTarget "HPSocialNetworkManager" */ = {
			isa = XCConfigurationList;
			buildConfigurations = (
				75B28774166CCED100E2C3F1 /* Debug */,
				75B28775166CCED100E2C3F1 /* Release */,
			);
			defaultConfigurationIsVisible = 0;
			defaultConfigurationName = Release;
		};
/* End XCConfigurationList section */
	};
	rootObject = 75B28746166CCED100E2C3F1 /* Project object */;
}
